// !$*UTF8*$!
{
	archiveVersion = 1;
	classes = {
	};
	objectVersion = 56;
	objects = {

/* Begin PBXBuildFile section */
		143E2D9529EF07D80060962F /* win noise.mp3 in Resources */ = {isa = PBXBuildFile; fileRef = 143E2D9229EF07D80060962F /* win noise.mp3 */; };
		143E2D9729EF07D80060962F /* lose noise.mp3 in Resources */ = {isa = PBXBuildFile; fileRef = 143E2D9429EF07D80060962F /* lose noise.mp3 */; };
		147B0A3629E7260700C62ECF /* EndScene.swift in Sources */ = {isa = PBXBuildFile; fileRef = 147B0A3529E7260700C62ECF /* EndScene.swift */; };
		147B0A3829E7261B00C62ECF /* EndScene.sks in Resources */ = {isa = PBXBuildFile; fileRef = 147B0A3729E7261B00C62ECF /* EndScene.sks */; };
		149089C229CE0C8300D64012 /* Countryball.swift in Sources */ = {isa = PBXBuildFile; fileRef = 149089C129CE0C8300D64012 /* Countryball.swift */; };
		1497EDD129C0F01F008F78DC /* AppDelegate.swift in Sources */ = {isa = PBXBuildFile; fileRef = 1497EDD029C0F01F008F78DC /* AppDelegate.swift */; };
		1497EDD329C0F01F008F78DC /* GameScene.sks in Resources */ = {isa = PBXBuildFile; fileRef = 1497EDD229C0F01F008F78DC /* GameScene.sks */; };
		1497EDD729C0F01F008F78DC /* GameScene.swift in Sources */ = {isa = PBXBuildFile; fileRef = 1497EDD629C0F01F008F78DC /* GameScene.swift */; };
		1497EDD929C0F01F008F78DC /* GameViewController.swift in Sources */ = {isa = PBXBuildFile; fileRef = 1497EDD829C0F01F008F78DC /* GameViewController.swift */; };
		1497EDDC29C0F01F008F78DC /* Main.storyboard in Resources */ = {isa = PBXBuildFile; fileRef = 1497EDDA29C0F01F008F78DC /* Main.storyboard */; };
		1497EDDE29C0F022008F78DC /* Assets.xcassets in Resources */ = {isa = PBXBuildFile; fileRef = 1497EDDD29C0F022008F78DC /* Assets.xcassets */; };
		1497EDE129C0F022008F78DC /* LaunchScreen.storyboard in Resources */ = {isa = PBXBuildFile; fileRef = 1497EDDF29C0F022008F78DC /* LaunchScreen.storyboard */; };
		4B21BABB29F46A3B00687386 /* sound effect #1.aiff in Resources */ = {isa = PBXBuildFile; fileRef = 4B21BABA29F46A3B00687386 /* sound effect #1.aiff */; };
		4BA671A129F16A3900E4CA2C /* menu sound.mp3 in Resources */ = {isa = PBXBuildFile; fileRef = 4BA671A029F16A3900E4CA2C /* menu sound.mp3 */; };
		4BA671A329F16E6600E4CA2C /* Spark.sks in Resources */ = {isa = PBXBuildFile; fileRef = 4BA671A229F16E6600E4CA2C /* Spark.sks */; };
		CA07335729EDC377001608B2 /* boom.aiff in Resources */ = {isa = PBXBuildFile; fileRef = CA07335629EDC377001608B2 /* boom.aiff */; };
		CA43227329E9CAC600B178E1 /* WelcomeScene.sks in Resources */ = {isa = PBXBuildFile; fileRef = CA43227229E9CAC600B178E1 /* WelcomeScene.sks */; };
		CA43227729E9CB4600B178E1 /* WelcomeScene.swift in Sources */ = {isa = PBXBuildFile; fileRef = CA43227629E9CB4600B178E1 /* WelcomeScene.swift */; };
		CA9EE82929E876CA00F91B89 /* kazooMusic.mp3 in Resources */ = {isa = PBXBuildFile; fileRef = CA9EE82829E876CA00F91B89 /* kazooMusic.mp3 */; };
/* End PBXBuildFile section */

/* Begin PBXFileReference section */
		143E2D9229EF07D80060962F /* win noise.mp3 */ = {isa = PBXFileReference; lastKnownFileType = audio.mp3; path = "win noise.mp3"; sourceTree = SOURCE_ROOT; };
		143E2D9429EF07D80060962F /* lose noise.mp3 */ = {isa = PBXFileReference; lastKnownFileType = audio.mp3; path = "lose noise.mp3"; sourceTree = SOURCE_ROOT; };
		147B0A3529E7260700C62ECF /* EndScene.swift */ = {isa = PBXFileReference; lastKnownFileType = sourcecode.swift; path = EndScene.swift; sourceTree = "<group>"; };
		147B0A3729E7261B00C62ECF /* EndScene.sks */ = {isa = PBXFileReference; lastKnownFileType = file.sks; path = EndScene.sks; sourceTree = "<group>"; };
		149089C129CE0C8300D64012 /* Countryball.swift */ = {isa = PBXFileReference; lastKnownFileType = sourcecode.swift; path = Countryball.swift; sourceTree = "<group>"; };
		1497EDCD29C0F01F008F78DC /* CountryballDrop.app */ = {isa = PBXFileReference; explicitFileType = wrapper.application; includeInIndex = 0; path = CountryballDrop.app; sourceTree = BUILT_PRODUCTS_DIR; };
		1497EDD029C0F01F008F78DC /* AppDelegate.swift */ = {isa = PBXFileReference; lastKnownFileType = sourcecode.swift; path = AppDelegate.swift; sourceTree = "<group>"; };
		1497EDD229C0F01F008F78DC /* GameScene.sks */ = {isa = PBXFileReference; lastKnownFileType = file.sks; path = GameScene.sks; sourceTree = "<group>"; };
		1497EDD629C0F01F008F78DC /* GameScene.swift */ = {isa = PBXFileReference; lastKnownFileType = sourcecode.swift; path = GameScene.swift; sourceTree = "<group>"; };
		1497EDD829C0F01F008F78DC /* GameViewController.swift */ = {isa = PBXFileReference; lastKnownFileType = sourcecode.swift; path = GameViewController.swift; sourceTree = "<group>"; };
		1497EDDB29C0F01F008F78DC /* Base */ = {isa = PBXFileReference; lastKnownFileType = file.storyboard; name = Base; path = Base.lproj/Main.storyboard; sourceTree = "<group>"; };
		1497EDDD29C0F022008F78DC /* Assets.xcassets */ = {isa = PBXFileReference; lastKnownFileType = folder.assetcatalog; path = Assets.xcassets; sourceTree = "<group>"; };
		1497EDE029C0F022008F78DC /* Base */ = {isa = PBXFileReference; lastKnownFileType = file.storyboard; name = Base; path = Base.lproj/LaunchScreen.storyboard; sourceTree = "<group>"; };
		4B21BABA29F46A3B00687386 /* sound effect #1.aiff */ = {isa = PBXFileReference; lastKnownFileType = audio.aiff; path = "sound effect #1.aiff"; sourceTree = "<group>"; };
		4BA671A029F16A3900E4CA2C /* menu sound.mp3 */ = {isa = PBXFileReference; lastKnownFileType = audio.mp3; path = "menu sound.mp3"; sourceTree = "<group>"; };
		4BA671A229F16E6600E4CA2C /* Spark.sks */ = {isa = PBXFileReference; lastKnownFileType = file.sks; path = Spark.sks; sourceTree = "<group>"; };
		CA07335629EDC377001608B2 /* boom.aiff */ = {isa = PBXFileReference; lastKnownFileType = audio.aiff; path = boom.aiff; sourceTree = "<group>"; };
		CA43227229E9CAC600B178E1 /* WelcomeScene.sks */ = {isa = PBXFileReference; lastKnownFileType = file.sks; path = WelcomeScene.sks; sourceTree = "<group>"; };
		CA43227629E9CB4600B178E1 /* WelcomeScene.swift */ = {isa = PBXFileReference; lastKnownFileType = sourcecode.swift; path = WelcomeScene.swift; sourceTree = "<group>"; };
		CA9EE82829E876CA00F91B89 /* kazooMusic.mp3 */ = {isa = PBXFileReference; lastKnownFileType = audio.mp3; path = kazooMusic.mp3; sourceTree = "<group>"; };
/* End PBXFileReference section */

/* Begin PBXFrameworksBuildPhase section */
		1497EDCA29C0F01F008F78DC /* Frameworks */ = {
			isa = PBXFrameworksBuildPhase;
			buildActionMask = 2147483647;
			files = (
			);
			runOnlyForDeploymentPostprocessing = 0;
		};
/* End PBXFrameworksBuildPhase section */

/* Begin PBXGroup section */
		1497EDC429C0F01F008F78DC = {
			isa = PBXGroup;
			children = (
				1497EDCF29C0F01F008F78DC /* CountryballDrop */,
				1497EDCE29C0F01F008F78DC /* Products */,
			);
			sourceTree = "<group>";
		};
		1497EDCE29C0F01F008F78DC /* Products */ = {
			isa = PBXGroup;
			children = (
				1497EDCD29C0F01F008F78DC /* CountryballDrop.app */,
			);
			name = Products;
			sourceTree = "<group>";
		};
		1497EDCF29C0F01F008F78DC /* CountryballDrop */ = {
			isa = PBXGroup;
			children = (
				1497EDD029C0F01F008F78DC /* AppDelegate.swift */,
				1497EDD229C0F01F008F78DC /* GameScene.sks */,
				1497EDD629C0F01F008F78DC /* GameScene.swift */,
				CA43227229E9CAC600B178E1 /* WelcomeScene.sks */,
				CA43227629E9CB4600B178E1 /* WelcomeScene.swift */,
				147B0A3729E7261B00C62ECF /* EndScene.sks */,
				147B0A3529E7260700C62ECF /* EndScene.swift */,
				149089C129CE0C8300D64012 /* Countryball.swift */,
				1497EDD829C0F01F008F78DC /* GameViewController.swift */,
				1497EDDA29C0F01F008F78DC /* Main.storyboard */,
				1497EDDD29C0F022008F78DC /* Assets.xcassets */,
				1497EDDF29C0F022008F78DC /* LaunchScreen.storyboard */,
				4BA671A229F16E6600E4CA2C /* Spark.sks */,
				CA9EE82829E876CA00F91B89 /* kazooMusic.mp3 */,
				CA07335629EDC377001608B2 /* boom.aiff */,
				143E2D9429EF07D80060962F /* lose noise.mp3 */,
				143E2D9229EF07D80060962F /* win noise.mp3 */,
				4BA671A029F16A3900E4CA2C /* menu sound.mp3 */,
				4B21BABA29F46A3B00687386 /* sound effect #1.aiff */,
			);
			path = CountryballDrop;
			sourceTree = "<group>";
		};
/* End PBXGroup section */

/* Begin PBXNativeTarget section */
		1497EDCC29C0F01F008F78DC /* CountryballDrop */ = {
			isa = PBXNativeTarget;
			buildConfigurationList = 1497EDE429C0F022008F78DC /* Build configuration list for PBXNativeTarget "CountryballDrop" */;
			buildPhases = (
				1497EDC929C0F01F008F78DC /* Sources */,
				1497EDCA29C0F01F008F78DC /* Frameworks */,
				1497EDCB29C0F01F008F78DC /* Resources */,
			);
			buildRules = (
			);
			dependencies = (
			);
			name = CountryballDrop;
			productName = CountryballDrop;
			productReference = 1497EDCD29C0F01F008F78DC /* CountryballDrop.app */;
			productType = "com.apple.product-type.application";
		};
/* End PBXNativeTarget section */

/* Begin PBXProject section */
		1497EDC529C0F01F008F78DC /* Project object */ = {
			isa = PBXProject;
			attributes = {
				BuildIndependentTargetsInParallel = 1;
				LastSwiftUpdateCheck = 1420;
				LastUpgradeCheck = 1420;
				TargetAttributes = {
					1497EDCC29C0F01F008F78DC = {
						CreatedOnToolsVersion = 14.2;
					};
				};
			};
			buildConfigurationList = 1497EDC829C0F01F008F78DC /* Build configuration list for PBXProject "CountryballDrop" */;
			compatibilityVersion = "Xcode 14.0";
			developmentRegion = en;
			hasScannedForEncodings = 0;
			knownRegions = (
				en,
				Base,
			);
			mainGroup = 1497EDC429C0F01F008F78DC;
			productRefGroup = 1497EDCE29C0F01F008F78DC /* Products */;
			projectDirPath = "";
			projectRoot = "";
			targets = (
				1497EDCC29C0F01F008F78DC /* CountryballDrop */,
			);
		};
/* End PBXProject section */

/* Begin PBXResourcesBuildPhase section */
		1497EDCB29C0F01F008F78DC /* Resources */ = {
			isa = PBXResourcesBuildPhase;
			buildActionMask = 2147483647;
			files = (
				143E2D9529EF07D80060962F /* win noise.mp3 in Resources */,
				1497EDDC29C0F01F008F78DC /* Main.storyboard in Resources */,
				143E2D9729EF07D80060962F /* lose noise.mp3 in Resources */,
				1497EDD329C0F01F008F78DC /* GameScene.sks in Resources */,
				CA07335729EDC377001608B2 /* boom.aiff in Resources */,
				4B21BABB29F46A3B00687386 /* sound effect #1.aiff in Resources */,
				1497EDDE29C0F022008F78DC /* Assets.xcassets in Resources */,
				1497EDE129C0F022008F78DC /* LaunchScreen.storyboard in Resources */,
				147B0A3829E7261B00C62ECF /* EndScene.sks in Resources */,
				CA43227329E9CAC600B178E1 /* WelcomeScene.sks in Resources */,
				4BA671A129F16A3900E4CA2C /* menu sound.mp3 in Resources */,
				4BA671A329F16E6600E4CA2C /* Spark.sks in Resources */,
				CA9EE82929E876CA00F91B89 /* kazooMusic.mp3 in Resources */,
			);
			runOnlyForDeploymentPostprocessing = 0;
		};
/* End PBXResourcesBuildPhase section */

/* Begin PBXSourcesBuildPhase section */
		1497EDC929C0F01F008F78DC /* Sources */ = {
			isa = PBXSourcesBuildPhase;
			buildActionMask = 2147483647;
			files = (
				1497EDD729C0F01F008F78DC /* GameScene.swift in Sources */,
				1497EDD929C0F01F008F78DC /* GameViewController.swift in Sources */,
				1497EDD129C0F01F008F78DC /* AppDelegate.swift in Sources */,
				CA43227729E9CB4600B178E1 /* WelcomeScene.swift in Sources */,
				149089C229CE0C8300D64012 /* Countryball.swift in Sources */,
				147B0A3629E7260700C62ECF /* EndScene.swift in Sources */,
			);
			runOnlyForDeploymentPostprocessing = 0;
		};
/* End PBXSourcesBuildPhase section */

/* Begin PBXVariantGroup section */
		1497EDDA29C0F01F008F78DC /* Main.storyboard */ = {
			isa = PBXVariantGroup;
			children = (
				1497EDDB29C0F01F008F78DC /* Base */,
			);
			name = Main.storyboard;
			sourceTree = "<group>";
		};
		1497EDDF29C0F022008F78DC /* LaunchScreen.storyboard */ = {
			isa = PBXVariantGroup;
			children = (
				1497EDE029C0F022008F78DC /* Base */,
			);
			name = LaunchScreen.storyboard;
			sourceTree = "<group>";
		};
/* End PBXVariantGroup section */

/* Begin XCBuildConfiguration section */
		1497EDE229C0F022008F78DC /* Debug */ = {
			isa = XCBuildConfiguration;
			buildSettings = {
				ALWAYS_SEARCH_USER_PATHS = NO;
				CLANG_ANALYZER_NONNULL = YES;
				CLANG_ANALYZER_NUMBER_OBJECT_CONVERSION = YES_AGGRESSIVE;
				CLANG_CXX_LANGUAGE_STANDARD = "gnu++20";
				CLANG_ENABLE_MODULES = YES;
				CLANG_ENABLE_OBJC_ARC = YES;
				CLANG_ENABLE_OBJC_WEAK = YES;
				CLANG_WARN_BLOCK_CAPTURE_AUTORELEASING = YES;
				CLANG_WARN_BOOL_CONVERSION = YES;
				CLANG_WARN_COMMA = YES;
				CLANG_WARN_CONSTANT_CONVERSION = YES;
				CLANG_WARN_DEPRECATED_OBJC_IMPLEMENTATIONS = YES;
				CLANG_WARN_DIRECT_OBJC_ISA_USAGE = YES_ERROR;
				CLANG_WARN_DOCUMENTATION_COMMENTS = YES;
				CLANG_WARN_EMPTY_BODY = YES;
				CLANG_WARN_ENUM_CONVERSION = YES;
				CLANG_WARN_INFINITE_RECURSION = YES;
				CLANG_WARN_INT_CONVERSION = YES;
				CLANG_WARN_NON_LITERAL_NULL_CONVERSION = YES;
				CLANG_WARN_OBJC_IMPLICIT_RETAIN_SELF = YES;
				CLANG_WARN_OBJC_LITERAL_CONVERSION = YES;
				CLANG_WARN_OBJC_ROOT_CLASS = YES_ERROR;
				CLANG_WARN_QUOTED_INCLUDE_IN_FRAMEWORK_HEADER = YES;
				CLANG_WARN_RANGE_LOOP_ANALYSIS = YES;
				CLANG_WARN_STRICT_PROTOTYPES = YES;
				CLANG_WARN_SUSPICIOUS_MOVE = YES;
				CLANG_WARN_UNGUARDED_AVAILABILITY = YES_AGGRESSIVE;
				CLANG_WARN_UNREACHABLE_CODE = YES;
				CLANG_WARN__DUPLICATE_METHOD_MATCH = YES;
				COPY_PHASE_STRIP = NO;
				DEBUG_INFORMATION_FORMAT = dwarf;
				ENABLE_STRICT_OBJC_MSGSEND = YES;
				ENABLE_TESTABILITY = YES;
				GCC_C_LANGUAGE_STANDARD = gnu11;
				GCC_DYNAMIC_NO_PIC = NO;
				GCC_NO_COMMON_BLOCKS = YES;
				GCC_OPTIMIZATION_LEVEL = 0;
				GCC_PREPROCESSOR_DEFINITIONS = (
					"DEBUG=1",
					"$(inherited)",
				);
				GCC_WARN_64_TO_32_BIT_CONVERSION = YES;
				GCC_WARN_ABOUT_RETURN_TYPE = YES_ERROR;
				GCC_WARN_UNDECLARED_SELECTOR = YES;
				GCC_WARN_UNINITIALIZED_AUTOS = YES_AGGRESSIVE;
				GCC_WARN_UNUSED_FUNCTION = YES;
				GCC_WARN_UNUSED_VARIABLE = YES;
				IPHONEOS_DEPLOYMENT_TARGET = 16.0;
				MTL_ENABLE_DEBUG_INFO = INCLUDE_SOURCE;
				MTL_FAST_MATH = YES;
				ONLY_ACTIVE_ARCH = YES;
				SDKROOT = iphoneos;
				SWIFT_ACTIVE_COMPILATION_CONDITIONS = DEBUG;
				SWIFT_OPTIMIZATION_LEVEL = "-Onone";
			};
			name = Debug;
		};
		1497EDE329C0F022008F78DC /* Release */ = {
			isa = XCBuildConfiguration;
			buildSettings = {
				ALWAYS_SEARCH_USER_PATHS = NO;
				CLANG_ANALYZER_NONNULL = YES;
				CLANG_ANALYZER_NUMBER_OBJECT_CONVERSION = YES_AGGRESSIVE;
				CLANG_CXX_LANGUAGE_STANDARD = "gnu++20";
				CLANG_ENABLE_MODULES = YES;
				CLANG_ENABLE_OBJC_ARC = YES;
				CLANG_ENABLE_OBJC_WEAK = YES;
				CLANG_WARN_BLOCK_CAPTURE_AUTORELEASING = YES;
				CLANG_WARN_BOOL_CONVERSION = YES;
				CLANG_WARN_COMMA = YES;
				CLANG_WARN_CONSTANT_CONVERSION = YES;
				CLANG_WARN_DEPRECATED_OBJC_IMPLEMENTATIONS = YES;
				CLANG_WARN_DIRECT_OBJC_ISA_USAGE = YES_ERROR;
				CLANG_WARN_DOCUMENTATION_COMMENTS = YES;
				CLANG_WARN_EMPTY_BODY = YES;
				CLANG_WARN_ENUM_CONVERSION = YES;
				CLANG_WARN_INFINITE_RECURSION = YES;
				CLANG_WARN_INT_CONVERSION = YES;
				CLANG_WARN_NON_LITERAL_NULL_CONVERSION = YES;
				CLANG_WARN_OBJC_IMPLICIT_RETAIN_SELF = YES;
				CLANG_WARN_OBJC_LITERAL_CONVERSION = YES;
				CLANG_WARN_OBJC_ROOT_CLASS = YES_ERROR;
				CLANG_WARN_QUOTED_INCLUDE_IN_FRAMEWORK_HEADER = YES;
				CLANG_WARN_RANGE_LOOP_ANALYSIS = YES;
				CLANG_WARN_STRICT_PROTOTYPES = YES;
				CLANG_WARN_SUSPICIOUS_MOVE = YES;
				CLANG_WARN_UNGUARDED_AVAILABILITY = YES_AGGRESSIVE;
				CLANG_WARN_UNREACHABLE_CODE = YES;
				CLANG_WARN__DUPLICATE_METHOD_MATCH = YES;
				COPY_PHASE_STRIP = NO;
				DEBUG_INFORMATION_FORMAT = "dwarf-with-dsym";
				ENABLE_NS_ASSERTIONS = NO;
				ENABLE_STRICT_OBJC_MSGSEND = YES;
				GCC_C_LANGUAGE_STANDARD = gnu11;
				GCC_NO_COMMON_BLOCKS = YES;
				GCC_WARN_64_TO_32_BIT_CONVERSION = YES;
				GCC_WARN_ABOUT_RETURN_TYPE = YES_ERROR;
				GCC_WARN_UNDECLARED_SELECTOR = YES;
				GCC_WARN_UNINITIALIZED_AUTOS = YES_AGGRESSIVE;
				GCC_WARN_UNUSED_FUNCTION = YES;
				GCC_WARN_UNUSED_VARIABLE = YES;
				IPHONEOS_DEPLOYMENT_TARGET = 16.0;
				MTL_ENABLE_DEBUG_INFO = NO;
				MTL_FAST_MATH = YES;
				SDKROOT = iphoneos;
				SWIFT_COMPILATION_MODE = wholemodule;
				SWIFT_OPTIMIZATION_LEVEL = "-O";
				VALIDATE_PRODUCT = YES;
			};
			name = Release;
		};
		1497EDE529C0F022008F78DC /* Debug */ = {
			isa = XCBuildConfiguration;
			buildSettings = {
				ASSETCATALOG_COMPILER_APPICON_NAME = AppIcon;
				ASSETCATALOG_COMPILER_GLOBAL_ACCENT_COLOR_NAME = AccentColor;
				CODE_SIGN_IDENTITY = "Apple Development";
				CODE_SIGN_STYLE = Automatic;
				CURRENT_PROJECT_VERSION = 1;
				DEVELOPMENT_TEAM = V6H7MAVTM9;
				GENERATE_INFOPLIST_FILE = YES;
				INFOPLIST_KEY_CFBundleDisplayName = CBDrop;
				INFOPLIST_KEY_LSApplicationCategoryType = "public.app-category.educational-games";
				INFOPLIST_KEY_UIApplicationSupportsIndirectInputEvents = YES;
				INFOPLIST_KEY_UILaunchStoryboardName = LaunchScreen;
				INFOPLIST_KEY_UIMainStoryboardFile = Main;
				INFOPLIST_KEY_UIStatusBarHidden = YES;
				INFOPLIST_KEY_UISupportedInterfaceOrientations = UIInterfaceOrientationPortrait;
				IPHONEOS_DEPLOYMENT_TARGET = 11.0;
				LD_RUNPATH_SEARCH_PATHS = (
					"$(inherited)",
					"@executable_path/Frameworks",
				);
				MARKETING_VERSION = 1.0;
				PRODUCT_BUNDLE_IDENTIFIER = com.kayshov.chirica.CountryballDrop;
				PRODUCT_NAME = "$(TARGET_NAME)";
				PROVISIONING_PROFILE_SPECIFIER = "";
				SUPPORTED_PLATFORMS = "iphoneos iphonesimulator";
				SUPPORTS_MACCATALYST = NO;
				SUPPORTS_MAC_DESIGNED_FOR_IPHONE_IPAD = NO;
				SWIFT_EMIT_LOC_STRINGS = YES;
				SWIFT_VERSION = 5.0;
				TARGETED_DEVICE_FAMILY = "1,2";
			};
			name = Debug;
		};
		1497EDE629C0F022008F78DC /* Release */ = {
			isa = XCBuildConfiguration;
			buildSettings = {
				ASSETCATALOG_COMPILER_APPICON_NAME = AppIcon;
				ASSETCATALOG_COMPILER_GLOBAL_ACCENT_COLOR_NAME = AccentColor;
				CODE_SIGN_IDENTITY = "Apple Development";
				CODE_SIGN_STYLE = Automatic;
				CURRENT_PROJECT_VERSION = 1;
				DEVELOPMENT_TEAM = V6H7MAVTM9;
				GENERATE_INFOPLIST_FILE = YES;
				INFOPLIST_KEY_CFBundleDisplayName = CBDrop;
				INFOPLIST_KEY_LSApplicationCategoryType = "public.app-category.educational-games";
				INFOPLIST_KEY_UIApplicationSupportsIndirectInputEvents = YES;
				INFOPLIST_KEY_UILaunchStoryboardName = LaunchScreen;
				INFOPLIST_KEY_UIMainStoryboardFile = Main;
				INFOPLIST_KEY_UIStatusBarHidden = YES;
				INFOPLIST_KEY_UISupportedInterfaceOrientations = UIInterfaceOrientationPortrait;
				IPHONEOS_DEPLOYMENT_TARGET = 11.0;
				LD_RUNPATH_SEARCH_PATHS = (
					"$(inherited)",
					"@executable_path/Frameworks",
				);
				MARKETING_VERSION = 1.0;
				PRODUCT_BUNDLE_IDENTIFIER = com.kayshov.chirica.CountryballDrop;
				PRODUCT_NAME = "$(TARGET_NAME)";
				PROVISIONING_PROFILE_SPECIFIER = "";
				SUPPORTED_PLATFORMS = "iphoneos iphonesimulator";
				SUPPORTS_MACCATALYST = NO;
				SUPPORTS_MAC_DESIGNED_FOR_IPHONE_IPAD = NO;
				SWIFT_EMIT_LOC_STRINGS = YES;
				SWIFT_VERSION = 5.0;
				TARGETED_DEVICE_FAMILY = "1,2";
			};
			name = Release;
		};
/* End XCBuildConfiguration section */

/* Begin XCConfigurationList section */
		1497EDC829C0F01F008F78DC /* Build configuration list for PBXProject "CountryballDrop" */ = {
			isa = XCConfigurationList;
			buildConfigurations = (
				1497EDE229C0F022008F78DC /* Debug */,
				1497EDE329C0F022008F78DC /* Release */,
			);
			defaultConfigurationIsVisible = 0;
			defaultConfigurationName = Release;
		};
		1497EDE429C0F022008F78DC /* Build configuration list for PBXNativeTarget "CountryballDrop" */ = {
			isa = XCConfigurationList;
			buildConfigurations = (
				1497EDE529C0F022008F78DC /* Debug */,
				1497EDE629C0F022008F78DC /* Release */,
			);
			defaultConfigurationIsVisible = 0;
			defaultConfigurationName = Release;
		};
/* End XCConfigurationList section */
	};
	rootObject = 1497EDC529C0F01F008F78DC /* Project object */;
}
